// !$*UTF8*$!
{
	archiveVersion = 1;
	classes = {
	};
	objectVersion = 77;
	objects = {

/* Begin PBXBuildFile section */
		CFA56C7B2CE2BB600081AA88 /* libcares.dylib in Frameworks */ = {isa = PBXBuildFile; fileRef = CFA56C522CE2BB080081AA88 /* libcares.dylib */; };
		CFA56C7C2CE2BB600081AA88 /* libcrypto.dylib in Frameworks */ = {isa = PBXBuildFile; fileRef = CFA56C752CE2BB090081AA88 /* libcrypto.dylib */; };
		CFA56C7D2CE2BB600081AA88 /* libjson.dylib in Frameworks */ = {isa = PBXBuildFile; fileRef = CFA56C532CE2BB080081AA88 /* libjson.dylib */; };
		CFA56C7E2CE2BB600081AA88 /* libminizip.dylib in Frameworks */ = {isa = PBXBuildFile; fileRef = CFA56C572CE2BB080081AA88 /* libminizip.dylib */; };
		CFA56C7F2CE2BB7A0081AA88 /* libssl.dylib in Frameworks */ = {isa = PBXBuildFile; fileRef = CFA56C642CE2BB080081AA88 /* libssl.dylib */; };
		CFA56C802CE2BB7A0081AA88 /* libzoombase_crypto_shared.dylib in Frameworks */ = {isa = PBXBuildFile; fileRef = CFA56C5F2CE2BB080081AA88 /* libzoombase_crypto_shared.dylib */; };
		CFA56C812CE2BB8B0081AA88 /* ZMDB.framework in Frameworks */ = {isa = PBXBuildFile; fileRef = CFA56C4F2CE2BB080081AA88 /* ZMDB.framework */; };
		CFA56C822CE2BB8B0081AA88 /* ZMVideoSDK.framework in Frameworks */ = {isa = PBXBuildFile; fileRef = CFA56C512CE2BB080081AA88 /* ZMVideoSDK.framework */; };
		CFA56C832CE2BBB00081AA88 /* libmpg123_mac.bundle in Resources */ = {isa = PBXBuildFile; fileRef = CFA56C552CE2BB080081AA88 /* libmpg123_mac.bundle */; };
		CFA56C852CE2BBEB0081AA88 /* annoter.bundle in CopyFiles */ = {isa = PBXBuildFile; fileRef = CFA56C562CE2BB080081AA88 /* annoter.bundle */; settings = {ATTRIBUTES = (CodeSignOnCopy, RemoveHeadersOnCopy, ); }; };
		CFA56C862CE2BBEB0081AA88 /* aomagent.bundle in CopyFiles */ = {isa = PBXBuildFile; fileRef = CFA56C662CE2BB080081AA88 /* aomagent.bundle */; settings = {ATTRIBUTES = (CodeSignOnCopy, RemoveHeadersOnCopy, ); }; };
		CFA56C872CE2BBEB0081AA88 /* aomhost.app in CopyFiles */ = {isa = PBXBuildFile; fileRef = CFA56C782CE2BB090081AA88 /* aomhost.app */; settings = {ATTRIBUTES = (RemoveHeadersOnCopy, ); }; };
		CFA56C882CE2BBEB0081AA88 /* capHost.app in CopyFiles */ = {isa = PBXBuildFile; fileRef = CFA56C692CE2BB080081AA88 /* capHost.app */; settings = {ATTRIBUTES = (RemoveHeadersOnCopy, ); }; };
		CFA56C892CE2BBEB0081AA88 /* cmmbiz.framework in CopyFiles */ = {isa = PBXBuildFile; fileRef = CFA56C672CE2BB080081AA88 /* cmmbiz.framework */; settings = {ATTRIBUTES = (CodeSignOnCopy, RemoveHeadersOnCopy, ); }; };
		CFA56C8A2CE2BBEB0081AA88 /* cmmlib.framework in CopyFiles */ = {isa = PBXBuildFile; fileRef = CFA56C682CE2BB080081AA88 /* cmmlib.framework */; settings = {ATTRIBUTES = (CodeSignOnCopy, RemoveHeadersOnCopy, ); }; };
		CFA56C8B2CE2BBEB0081AA88 /* CptHost.app in CopyFiles */ = {isa = PBXBuildFile; fileRef = CFA56C652CE2BB080081AA88 /* CptHost.app */; settings = {ATTRIBUTES = (RemoveHeadersOnCopy, ); }; };
		CFA56C8C2CE2BBEB0081AA88 /* curl64.framework in CopyFiles */ = {isa = PBXBuildFile; fileRef = CFA56C602CE2BB080081AA88 /* curl64.framework */; settings = {ATTRIBUTES = (CodeSignOnCopy, RemoveHeadersOnCopy, ); }; };
		CFA56C8D2CE2BBEB0081AA88 /* libcares.dylib in CopyFiles */ = {isa = PBXBuildFile; fileRef = CFA56C522CE2BB080081AA88 /* libcares.dylib */; settings = {ATTRIBUTES = (CodeSignOnCopy, ); }; };
		CFA56C8E2CE2BBEB0081AA88 /* libcrypto.dylib in CopyFiles */ = {isa = PBXBuildFile; fileRef = CFA56C752CE2BB090081AA88 /* libcrypto.dylib */; settings = {ATTRIBUTES = (CodeSignOnCopy, ); }; };
		CFA56C8F2CE2BBEB0081AA88 /* libjson.dylib in CopyFiles */ = {isa = PBXBuildFile; fileRef = CFA56C532CE2BB080081AA88 /* libjson.dylib */; settings = {ATTRIBUTES = (CodeSignOnCopy, ); }; };
		CFA56C902CE2BBEB0081AA88 /* libminizip.dylib in CopyFiles */ = {isa = PBXBuildFile; fileRef = CFA56C572CE2BB080081AA88 /* libminizip.dylib */; settings = {ATTRIBUTES = (CodeSignOnCopy, ); }; };
		CFA56C912CE2BC140081AA88 /* libssl.dylib in CopyFiles */ = {isa = PBXBuildFile; fileRef = CFA56C642CE2BB080081AA88 /* libssl.dylib */; settings = {ATTRIBUTES = (CodeSignOnCopy, ); }; };
		CFA56C922CE2BC140081AA88 /* libzoombase_crypto_shared.dylib in CopyFiles */ = {isa = PBXBuildFile; fileRef = CFA56C5F2CE2BB080081AA88 /* libzoombase_crypto_shared.dylib */; settings = {ATTRIBUTES = (CodeSignOnCopy, ); }; };
		CFA56C932CE2BC140081AA88 /* mcm.bundle in CopyFiles */ = {isa = PBXBuildFile; fileRef = CFA56C792CE2BB090081AA88 /* mcm.bundle */; settings = {ATTRIBUTES = (CodeSignOnCopy, RemoveHeadersOnCopy, ); }; };
		CFA56C942CE2BC140081AA88 /* nydus.framework in CopyFiles */ = {isa = PBXBuildFile; fileRef = CFA56C502CE2BB080081AA88 /* nydus.framework */; settings = {ATTRIBUTES = (CodeSignOnCopy, RemoveHeadersOnCopy, ); }; };
		CFA56C952CE2BC140081AA88 /* protobuf.framework in CopyFiles */ = {isa = PBXBuildFile; fileRef = CFA56C5B2CE2BB080081AA88 /* protobuf.framework */; settings = {ATTRIBUTES = (CodeSignOnCopy, RemoveHeadersOnCopy, ); }; };
		CFA56C962CE2BC140081AA88 /* ssb_sdk.bundle in CopyFiles */ = {isa = PBXBuildFile; fileRef = CFA56C772CE2BB090081AA88 /* ssb_sdk.bundle */; settings = {ATTRIBUTES = (CodeSignOnCopy, RemoveHeadersOnCopy, ); }; };
		CFA56C972CE2BC140081AA88 /* tp.framework in CopyFiles */ = {isa = PBXBuildFile; fileRef = CFA56C5E2CE2BB080081AA88 /* tp.framework */; settings = {ATTRIBUTES = (CodeSignOnCopy, RemoveHeadersOnCopy, ); }; };
		CFA56C982CE2BC140081AA88 /* util.framework in CopyFiles */ = {isa = PBXBuildFile; fileRef = CFA56C542CE2BB080081AA88 /* util.framework */; settings = {ATTRIBUTES = (CodeSignOnCopy, RemoveHeadersOnCopy, ); }; };
		CFA56C992CE2BC140081AA88 /* VideoSDK.dylib in CopyFiles */ = {isa = PBXBuildFile; fileRef = CFA56C592CE2BB080081AA88 /* VideoSDK.dylib */; settings = {ATTRIBUTES = (CodeSignOnCopy, ); }; };
		CFA56C9A2CE2BC140081AA88 /* viper.framework in CopyFiles */ = {isa = PBXBuildFile; fileRef = CFA56C5D2CE2BB080081AA88 /* viper.framework */; settings = {ATTRIBUTES = (CodeSignOnCopy, RemoveHeadersOnCopy, ); }; };
		CFA56C9B2CE2BC140081AA88 /* xmpp_framework.framework in CopyFiles */ = {isa = PBXBuildFile; fileRef = CFA56C762CE2BB090081AA88 /* xmpp_framework.framework */; settings = {ATTRIBUTES = (CodeSignOnCopy, RemoveHeadersOnCopy, ); }; };
		CFA56C9C2CE2BC140081AA88 /* zConfCallbackDispatcher.framework in CopyFiles */ = {isa = PBXBuildFile; fileRef = CFA56C6A2CE2BB080081AA88 /* zConfCallbackDispatcher.framework */; settings = {ATTRIBUTES = (CodeSignOnCopy, RemoveHeadersOnCopy, ); }; };
		CFA56C9D2CE2BC140081AA88 /* zData.bundle in CopyFiles */ = {isa = PBXBuildFile; fileRef = CFA56C612CE2BB080081AA88 /* zData.bundle */; settings = {ATTRIBUTES = (CodeSignOnCopy, RemoveHeadersOnCopy, ); }; };
		CFA56C9E2CE2BC140081AA88 /* zlt.bundle in CopyFiles */ = {isa = PBXBuildFile; fileRef = CFA56C632CE2BB080081AA88 /* zlt.bundle */; settings = {ATTRIBUTES = (CodeSignOnCopy, RemoveHeadersOnCopy, ); }; };
		CFA56C9F2CE2BC140081AA88 /* ZMDB.framework in CopyFiles */ = {isa = PBXBuildFile; fileRef = CFA56C4F2CE2BB080081AA88 /* ZMDB.framework */; settings = {ATTRIBUTES = (CodeSignOnCopy, RemoveHeadersOnCopy, ); }; };
		CFA56CA02CE2BC140081AA88 /* ZMVideoSDK.framework in CopyFiles */ = {isa = PBXBuildFile; fileRef = CFA56C512CE2BB080081AA88 /* ZMVideoSDK.framework */; settings = {ATTRIBUTES = (CodeSignOnCopy, RemoveHeadersOnCopy, ); }; };
		CFA56CA12CE2BC140081AA88 /* zNetUtils.framework in CopyFiles */ = {isa = PBXBuildFile; fileRef = CFA56C5A2CE2BB080081AA88 /* zNetUtils.framework */; settings = {ATTRIBUTES = (CodeSignOnCopy, RemoveHeadersOnCopy, ); }; };
		CFA56CA22CE2BC2C0081AA88 /* ZoomTask.framework in CopyFiles */ = {isa = PBXBuildFile; fileRef = CFA56C5C2CE2BB080081AA88 /* ZoomTask.framework */; settings = {ATTRIBUTES = (CodeSignOnCopy, RemoveHeadersOnCopy, ); }; };
		CFA56CA32CE2BC2C0081AA88 /* ZoomVideoSDKMeetingBridge.framework in CopyFiles */ = {isa = PBXBuildFile; fileRef = CFA56C7A2CE2BB090081AA88 /* ZoomVideoSDKMeetingBridge.framework */; settings = {ATTRIBUTES = (CodeSignOnCopy, RemoveHeadersOnCopy, ); }; };
		CFA56CA42CE2BC2C0081AA88 /* zVideoApp.bundle in CopyFiles */ = {isa = PBXBuildFile; fileRef = CFA56C622CE2BB080081AA88 /* zVideoApp.bundle */; settings = {ATTRIBUTES = (CodeSignOnCopy, RemoveHeadersOnCopy, ); }; };
		CFA56CA52CE2BC2C0081AA88 /* zWebService.bundle in CopyFiles */ = {isa = PBXBuildFile; fileRef = CFA56C582CE2BB080081AA88 /* zWebService.bundle */; settings = {ATTRIBUTES = (CodeSignOnCopy, RemoveHeadersOnCopy, ); }; };
		CFA56CA82CE2BCD50081AA88 /* SwiftJWT in Frameworks */ = {isa = PBXBuildFile; productRef = CFA56CA72CE2BCD50081AA88 /* SwiftJWT */; };
		CFA56CBE2CE2C58F0081AA88 /* SwiftJWT in Frameworks */ = {isa = PBXBuildFile; productRef = CFA56CBD2CE2C58F0081AA88 /* SwiftJWT */; };
		CFA56CC02CE2C7B10081AA88 /* ZoomVideoSDK.xcframework in Frameworks */ = {isa = PBXBuildFile; fileRef = CFA56CBF2CE2C7B10081AA88 /* ZoomVideoSDK.xcframework */; };
		CFA56CC12CE2C7B10081AA88 /* ZoomVideoSDK.xcframework in Embed Frameworks */ = {isa = PBXBuildFile; fileRef = CFA56CBF2CE2C7B10081AA88 /* ZoomVideoSDK.xcframework */; settings = {ATTRIBUTES = (CodeSignOnCopy, RemoveHeadersOnCopy, ); }; };
		CFA56CC42CE2C7CC0081AA88 /* CptShare.xcframework in Frameworks */ = {isa = PBXBuildFile; fileRef = CFA56CC32CE2C7CC0081AA88 /* CptShare.xcframework */; };
		CFA56CC52CE2C7CC0081AA88 /* CptShare.xcframework in Embed Frameworks */ = {isa = PBXBuildFile; fileRef = CFA56CC32CE2C7CC0081AA88 /* CptShare.xcframework */; settings = {ATTRIBUTES = (CodeSignOnCopy, RemoveHeadersOnCopy, ); }; };
/* End PBXBuildFile section */

/* Begin PBXContainerItemProxy section */
		CF9726BA2CD032DE002AAC1A /* PBXContainerItemProxy */ = {
			isa = PBXContainerItemProxy;
			containerPortal = CF9726A12CD032DD002AAC1A /* Project object */;
			proxyType = 1;
			remoteGlobalIDString = CF9726A82CD032DD002AAC1A;
			remoteInfo = SurgeonITPClient;
		};
		CF9726C42CD032DE002AAC1A /* PBXContainerItemProxy */ = {
			isa = PBXContainerItemProxy;
			containerPortal = CF9726A12CD032DD002AAC1A /* Project object */;
			proxyType = 1;
			remoteGlobalIDString = CF9726A82CD032DD002AAC1A;
			remoteInfo = SurgeonITPClient;
		};
		CFD6868A2CDD801700728CE5 /* PBXContainerItemProxy */ = {
			isa = PBXContainerItemProxy;
			containerPortal = CF9726A12CD032DD002AAC1A /* Project object */;
			proxyType = 1;
			remoteGlobalIDString = CFD686782CDD801500728CE5;
			remoteInfo = IDRMacOSApp;
		};
		CFD686942CDD801700728CE5 /* PBXContainerItemProxy */ = {
			isa = PBXContainerItemProxy;
			containerPortal = CF9726A12CD032DD002AAC1A /* Project object */;
			proxyType = 1;
			remoteGlobalIDString = CFD686782CDD801500728CE5;
			remoteInfo = IDRMacOSApp;
		};
/* End PBXContainerItemProxy section */

/* Begin PBXCopyFilesBuildPhase section */
		CFA56C842CE2BBBB0081AA88 /* CopyFiles */ = {
			isa = PBXCopyFilesBuildPhase;
			buildActionMask = 2147483647;
			dstPath = "";
			dstSubfolderSpec = 10;
			files = (
				CFA56CA22CE2BC2C0081AA88 /* ZoomTask.framework in CopyFiles */,
				CFA56CA32CE2BC2C0081AA88 /* ZoomVideoSDKMeetingBridge.framework in CopyFiles */,
				CFA56CA42CE2BC2C0081AA88 /* zVideoApp.bundle in CopyFiles */,
				CFA56CA52CE2BC2C0081AA88 /* zWebService.bundle in CopyFiles */,
				CFA56C912CE2BC140081AA88 /* libssl.dylib in CopyFiles */,
				CFA56C922CE2BC140081AA88 /* libzoombase_crypto_shared.dylib in CopyFiles */,
				CFA56C932CE2BC140081AA88 /* mcm.bundle in CopyFiles */,
				CFA56C942CE2BC140081AA88 /* nydus.framework in CopyFiles */,
				CFA56C952CE2BC140081AA88 /* protobuf.framework in CopyFiles */,
				CFA56C962CE2BC140081AA88 /* ssb_sdk.bundle in CopyFiles */,
				CFA56C972CE2BC140081AA88 /* tp.framework in CopyFiles */,
				CFA56C982CE2BC140081AA88 /* util.framework in CopyFiles */,
				CFA56C992CE2BC140081AA88 /* VideoSDK.dylib in CopyFiles */,
				CFA56C9A2CE2BC140081AA88 /* viper.framework in CopyFiles */,
				CFA56C9B2CE2BC140081AA88 /* xmpp_framework.framework in CopyFiles */,
				CFA56C9C2CE2BC140081AA88 /* zConfCallbackDispatcher.framework in CopyFiles */,
				CFA56C9D2CE2BC140081AA88 /* zData.bundle in CopyFiles */,
				CFA56C9E2CE2BC140081AA88 /* zlt.bundle in CopyFiles */,
				CFA56C9F2CE2BC140081AA88 /* ZMDB.framework in CopyFiles */,
				CFA56CA02CE2BC140081AA88 /* ZMVideoSDK.framework in CopyFiles */,
				CFA56CA12CE2BC140081AA88 /* zNetUtils.framework in CopyFiles */,
				CFA56C852CE2BBEB0081AA88 /* annoter.bundle in CopyFiles */,
				CFA56C862CE2BBEB0081AA88 /* aomagent.bundle in CopyFiles */,
				CFA56C872CE2BBEB0081AA88 /* aomhost.app in CopyFiles */,
				CFA56C882CE2BBEB0081AA88 /* capHost.app in CopyFiles */,
				CFA56C892CE2BBEB0081AA88 /* cmmbiz.framework in CopyFiles */,
				CFA56C8A2CE2BBEB0081AA88 /* cmmlib.framework in CopyFiles */,
				CFA56C8B2CE2BBEB0081AA88 /* CptHost.app in CopyFiles */,
				CFA56C8C2CE2BBEB0081AA88 /* curl64.framework in CopyFiles */,
				CFA56C8D2CE2BBEB0081AA88 /* libcares.dylib in CopyFiles */,
				CFA56C8E2CE2BBEB0081AA88 /* libcrypto.dylib in CopyFiles */,
				CFA56C8F2CE2BBEB0081AA88 /* libjson.dylib in CopyFiles */,
				CFA56C902CE2BBEB0081AA88 /* libminizip.dylib in CopyFiles */,
			);
			runOnlyForDeploymentPostprocessing = 0;
		};
		CFA56CC22CE2C7B10081AA88 /* Embed Frameworks */ = {
			isa = PBXCopyFilesBuildPhase;
			buildActionMask = 2147483647;
			dstPath = "";
			dstSubfolderSpec = 10;
			files = (
				CFA56CC12CE2C7B10081AA88 /* ZoomVideoSDK.xcframework in Embed Frameworks */,
				CFA56CC52CE2C7CC0081AA88 /* CptShare.xcframework in Embed Frameworks */,
			);
			name = "Embed Frameworks";
			runOnlyForDeploymentPostprocessing = 0;
		};
/* End PBXCopyFilesBuildPhase section */

/* Begin PBXFileReference section */
		CF9726A92CD032DD002AAC1A /* SurgeonITPClient.app */ = {isa = PBXFileReference; explicitFileType = wrapper.application; includeInIndex = 0; path = SurgeonITPClient.app; sourceTree = BUILT_PRODUCTS_DIR; };
		CF9726B92CD032DE002AAC1A /* SurgeonITPClientTests.xctest */ = {isa = PBXFileReference; explicitFileType = wrapper.cfbundle; includeInIndex = 0; path = SurgeonITPClientTests.xctest; sourceTree = BUILT_PRODUCTS_DIR; };
		CF9726C32CD032DE002AAC1A /* SurgeonITPClientUITests.xctest */ = {isa = PBXFileReference; explicitFileType = wrapper.cfbundle; includeInIndex = 0; path = SurgeonITPClientUITests.xctest; sourceTree = BUILT_PRODUCTS_DIR; };
		CFA56C4F2CE2BB080081AA88 /* ZMDB.framework */ = {isa = PBXFileReference; lastKnownFileType = wrapper.framework; name = ZMDB.framework; path = ZoomVideoSDK/ZMDB.framework; sourceTree = "<group>"; };
		CFA56C502CE2BB080081AA88 /* nydus.framework */ = {isa = PBXFileReference; lastKnownFileType = wrapper.framework; name = nydus.framework; path = ZoomVideoSDK/nydus.framework; sourceTree = "<group>"; };
		CFA56C512CE2BB080081AA88 /* ZMVideoSDK.framework */ = {isa = PBXFileReference; lastKnownFileType = wrapper.framework; name = ZMVideoSDK.framework; path = ZoomVideoSDK/ZMVideoSDK.framework; sourceTree = "<group>"; };
		CFA56C522CE2BB080081AA88 /* libcares.dylib */ = {isa = PBXFileReference; lastKnownFileType = "compiled.mach-o.dylib"; name = libcares.dylib; path = ZoomVideoSDK/libcares.dylib; sourceTree = "<group>"; };
		CFA56C532CE2BB080081AA88 /* libjson.dylib */ = {isa = PBXFileReference; lastKnownFileType = "compiled.mach-o.dylib"; name = libjson.dylib; path = ZoomVideoSDK/libjson.dylib; sourceTree = "<group>"; };
		CFA56C542CE2BB080081AA88 /* util.framework */ = {isa = PBXFileReference; lastKnownFileType = wrapper.framework; name = util.framework; path = ZoomVideoSDK/util.framework; sourceTree = "<group>"; };
		CFA56C552CE2BB080081AA88 /* libmpg123_mac.bundle */ = {isa = PBXFileReference; lastKnownFileType = "wrapper.plug-in"; name = libmpg123_mac.bundle; path = ZoomVideoSDK/libmpg123_mac.bundle; sourceTree = "<group>"; };
		CFA56C562CE2BB080081AA88 /* annoter.bundle */ = {isa = PBXFileReference; lastKnownFileType = "wrapper.plug-in"; name = annoter.bundle; path = ZoomVideoSDK/annoter.bundle; sourceTree = "<group>"; };
		CFA56C572CE2BB080081AA88 /* libminizip.dylib */ = {isa = PBXFileReference; lastKnownFileType = "compiled.mach-o.dylib"; name = libminizip.dylib; path = ZoomVideoSDK/libminizip.dylib; sourceTree = "<group>"; };
		CFA56C582CE2BB080081AA88 /* zWebService.bundle */ = {isa = PBXFileReference; lastKnownFileType = "wrapper.plug-in"; name = zWebService.bundle; path = ZoomVideoSDK/zWebService.bundle; sourceTree = "<group>"; };
		CFA56C592CE2BB080081AA88 /* VideoSDK.dylib */ = {isa = PBXFileReference; lastKnownFileType = "compiled.mach-o.dylib"; name = VideoSDK.dylib; path = ZoomVideoSDK/VideoSDK.dylib; sourceTree = "<group>"; };
		CFA56C5A2CE2BB080081AA88 /* zNetUtils.framework */ = {isa = PBXFileReference; lastKnownFileType = wrapper.framework; name = zNetUtils.framework; path = ZoomVideoSDK/zNetUtils.framework; sourceTree = "<group>"; };
		CFA56C5B2CE2BB080081AA88 /* protobuf.framework */ = {isa = PBXFileReference; lastKnownFileType = wrapper.framework; name = protobuf.framework; path = ZoomVideoSDK/protobuf.framework; sourceTree = "<group>"; };
		CFA56C5C2CE2BB080081AA88 /* ZoomTask.framework */ = {isa = PBXFileReference; lastKnownFileType = wrapper.framework; name = ZoomTask.framework; path = ZoomVideoSDK/ZoomTask.framework; sourceTree = "<group>"; };
		CFA56C5D2CE2BB080081AA88 /* viper.framework */ = {isa = PBXFileReference; lastKnownFileType = wrapper.framework; name = viper.framework; path = ZoomVideoSDK/viper.framework; sourceTree = "<group>"; };
		CFA56C5E2CE2BB080081AA88 /* tp.framework */ = {isa = PBXFileReference; lastKnownFileType = wrapper.framework; name = tp.framework; path = ZoomVideoSDK/tp.framework; sourceTree = "<group>"; };
		CFA56C5F2CE2BB080081AA88 /* libzoombase_crypto_shared.dylib */ = {isa = PBXFileReference; lastKnownFileType = "compiled.mach-o.dylib"; name = libzoombase_crypto_shared.dylib; path = ZoomVideoSDK/libzoombase_crypto_shared.dylib; sourceTree = "<group>"; };
		CFA56C602CE2BB080081AA88 /* curl64.framework */ = {isa = PBXFileReference; lastKnownFileType = wrapper.framework; name = curl64.framework; path = ZoomVideoSDK/curl64.framework; sourceTree = "<group>"; };
		CFA56C612CE2BB080081AA88 /* zData.bundle */ = {isa = PBXFileReference; lastKnownFileType = "wrapper.plug-in"; name = zData.bundle; path = ZoomVideoSDK/zData.bundle; sourceTree = "<group>"; };
		CFA56C622CE2BB080081AA88 /* zVideoApp.bundle */ = {isa = PBXFileReference; lastKnownFileType = "wrapper.plug-in"; name = zVideoApp.bundle; path = ZoomVideoSDK/zVideoApp.bundle; sourceTree = "<group>"; };
		CFA56C632CE2BB080081AA88 /* zlt.bundle */ = {isa = PBXFileReference; lastKnownFileType = "wrapper.plug-in"; name = zlt.bundle; path = ZoomVideoSDK/zlt.bundle; sourceTree = "<group>"; };
		CFA56C642CE2BB080081AA88 /* libssl.dylib */ = {isa = PBXFileReference; lastKnownFileType = "compiled.mach-o.dylib"; name = libssl.dylib; path = ZoomVideoSDK/libssl.dylib; sourceTree = "<group>"; };
		CFA56C652CE2BB080081AA88 /* CptHost.app */ = {isa = PBXFileReference; lastKnownFileType = wrapper.application; name = CptHost.app; path = ZoomVideoSDK/CptHost.app; sourceTree = "<group>"; };
		CFA56C662CE2BB080081AA88 /* aomagent.bundle */ = {isa = PBXFileReference; lastKnownFileType = "wrapper.plug-in"; name = aomagent.bundle; path = ZoomVideoSDK/aomagent.bundle; sourceTree = "<group>"; };
		CFA56C672CE2BB080081AA88 /* cmmbiz.framework */ = {isa = PBXFileReference; lastKnownFileType = wrapper.framework; name = cmmbiz.framework; path = ZoomVideoSDK/cmmbiz.framework; sourceTree = "<group>"; };
		CFA56C682CE2BB080081AA88 /* cmmlib.framework */ = {isa = PBXFileReference; lastKnownFileType = wrapper.framework; name = cmmlib.framework; path = ZoomVideoSDK/cmmlib.framework; sourceTree = "<group>"; };
		CFA56C692CE2BB080081AA88 /* capHost.app */ = {isa = PBXFileReference; lastKnownFileType = wrapper.application; name = capHost.app; path = ZoomVideoSDK/capHost.app; sourceTree = "<group>"; };
		CFA56C6A2CE2BB080081AA88 /* zConfCallbackDispatcher.framework */ = {isa = PBXFileReference; lastKnownFileType = wrapper.framework; name = zConfCallbackDispatcher.framework; path = ZoomVideoSDK/zConfCallbackDispatcher.framework; sourceTree = "<group>"; };
		CFA56C6B2CE2BB090081AA88 /* CodeResources */ = {isa = PBXFileReference; lastKnownFileType = text.xml; path = CodeResources; sourceTree = "<group>"; };
		CFA56C6D2CE2BB090081AA88 /* ZoomAudioDevice */ = {isa = PBXFileReference; lastKnownFileType = "compiled.mach-o.bundle"; path = ZoomAudioDevice; sourceTree = "<group>"; };
		CFA56C6F2CE2BB090081AA88 /* Localizable.strings */ = {isa = PBXFileReference; lastKnownFileType = text.plist.strings; path = Localizable.strings; sourceTree = "<group>"; };
		CFA56C702CE2BB090081AA88 /* ZoomAudioIcon.icns */ = {isa = PBXFileReference; lastKnownFileType = image.icns; path = ZoomAudioIcon.icns; sourceTree = "<group>"; };
		CFA56C722CE2BB090081AA88 /* Info.plist */ = {isa = PBXFileReference; lastKnownFileType = text.plist.xml; path = Info.plist; sourceTree = "<group>"; };
		CFA56C752CE2BB090081AA88 /* libcrypto.dylib */ = {isa = PBXFileReference; lastKnownFileType = "compiled.mach-o.dylib"; name = libcrypto.dylib; path = ZoomVideoSDK/libcrypto.dylib; sourceTree = "<group>"; };
		CFA56C762CE2BB090081AA88 /* xmpp_framework.framework */ = {isa = PBXFileReference; lastKnownFileType = wrapper.framework; name = xmpp_framework.framework; path = ZoomVideoSDK/xmpp_framework.framework; sourceTree = "<group>"; };
		CFA56C772CE2BB090081AA88 /* ssb_sdk.bundle */ = {isa = PBXFileReference; lastKnownFileType = "wrapper.plug-in"; name = ssb_sdk.bundle; path = ZoomVideoSDK/ssb_sdk.bundle; sourceTree = "<group>"; };
		CFA56C782CE2BB090081AA88 /* aomhost.app */ = {isa = PBXFileReference; lastKnownFileType = wrapper.application; name = aomhost.app; path = ZoomVideoSDK/aomhost.app; sourceTree = "<group>"; };
		CFA56C792CE2BB090081AA88 /* mcm.bundle */ = {isa = PBXFileReference; lastKnownFileType = "wrapper.plug-in"; name = mcm.bundle; path = ZoomVideoSDK/mcm.bundle; sourceTree = "<group>"; };
		CFA56C7A2CE2BB090081AA88 /* ZoomVideoSDKMeetingBridge.framework */ = {isa = PBXFileReference; lastKnownFileType = wrapper.framework; name = ZoomVideoSDKMeetingBridge.framework; path = ZoomVideoSDK/ZoomVideoSDKMeetingBridge.framework; sourceTree = "<group>"; };
		CFA56CBF2CE2C7B10081AA88 /* ZoomVideoSDK.xcframework */ = {isa = PBXFileReference; expectedSignature = "AppleDeveloperProgram:BJ4HAAB9B3:Zoom Video Communications, Inc."; lastKnownFileType = wrapper.xcframework; name = ZoomVideoSDK.xcframework; path = lib/ZoomVideoSDK.xcframework; sourceTree = "<group>"; };
		CFA56CC32CE2C7CC0081AA88 /* CptShare.xcframework */ = {isa = PBXFileReference; expectedSignature = "AppleDeveloperProgram:BJ4HAAB9B3:Zoom Video Communications, Inc."; lastKnownFileType = wrapper.xcframework; name = CptShare.xcframework; path = lib/CptShare.xcframework; sourceTree = "<group>"; };
		CFD686792CDD801500728CE5 /* IDRMacOSApp.app */ = {isa = PBXFileReference; explicitFileType = wrapper.application; includeInIndex = 0; path = IDRMacOSApp.app; sourceTree = BUILT_PRODUCTS_DIR; };
		CFD686892CDD801700728CE5 /* IDRMacOSAppTests.xctest */ = {isa = PBXFileReference; explicitFileType = wrapper.cfbundle; includeInIndex = 0; path = IDRMacOSAppTests.xctest; sourceTree = BUILT_PRODUCTS_DIR; };
		CFD686932CDD801700728CE5 /* IDRMacOSAppUITests.xctest */ = {isa = PBXFileReference; explicitFileType = wrapper.cfbundle; includeInIndex = 0; path = IDRMacOSAppUITests.xctest; sourceTree = BUILT_PRODUCTS_DIR; };
/* End PBXFileReference section */

/* Begin PBXFileSystemSynchronizedBuildFileExceptionSet section */
		CFA23F482CD9A19C00EA9D7B /* Exceptions for "SurgeonITPClient" folder in "SurgeonITPClient" target */ = {
			isa = PBXFileSystemSynchronizedBuildFileExceptionSet;
			membershipExceptions = (
				Info.plist,
			);
			target = CF9726A82CD032DD002AAC1A /* SurgeonITPClient */;
		};
		CFD686B02CDD868100728CE5 /* Exceptions for "IDRMacOSApp" folder in "IDRMacOSApp" target */ = {
			isa = PBXFileSystemSynchronizedBuildFileExceptionSet;
			membershipExceptions = (
				Info.plist,
			);
			target = CFD686782CDD801500728CE5 /* IDRMacOSApp */;
		};
/* End PBXFileSystemSynchronizedBuildFileExceptionSet section */

/* Begin PBXFileSystemSynchronizedRootGroup section */
		CF9726AB2CD032DD002AAC1A /* SurgeonITPClient */ = {
			isa = PBXFileSystemSynchronizedRootGroup;
			exceptions = (
				CFA23F482CD9A19C00EA9D7B /* Exceptions for "SurgeonITPClient" folder in "SurgeonITPClient" target */,
			);
			path = SurgeonITPClient;
			sourceTree = "<group>";
		};
		CF9726BC2CD032DE002AAC1A /* SurgeonITPClientTests */ = {
			isa = PBXFileSystemSynchronizedRootGroup;
			path = SurgeonITPClientTests;
			sourceTree = "<group>";
		};
		CF9726C62CD032DE002AAC1A /* SurgeonITPClientUITests */ = {
			isa = PBXFileSystemSynchronizedRootGroup;
			path = SurgeonITPClientUITests;
			sourceTree = "<group>";
		};
		CFD6867A2CDD801500728CE5 /* IDRMacOSApp */ = {
			isa = PBXFileSystemSynchronizedRootGroup;
			exceptions = (
				CFD686B02CDD868100728CE5 /* Exceptions for "IDRMacOSApp" folder in "IDRMacOSApp" target */,
			);
			path = IDRMacOSApp;
			sourceTree = "<group>";
		};
		CFD6868C2CDD801700728CE5 /* IDRMacOSAppTests */ = {
			isa = PBXFileSystemSynchronizedRootGroup;
			path = IDRMacOSAppTests;
			sourceTree = "<group>";
		};
		CFD686962CDD801700728CE5 /* IDRMacOSAppUITests */ = {
			isa = PBXFileSystemSynchronizedRootGroup;
			path = IDRMacOSAppUITests;
			sourceTree = "<group>";
		};
		CFD686AA2CDD814800728CE5 /* Helpers */ = {
			isa = PBXFileSystemSynchronizedRootGroup;
			path = Helpers;
			sourceTree = "<group>";
		};
		CFD686E62CDEA74A00728CE5 /* Services */ = {
			isa = PBXFileSystemSynchronizedRootGroup;
			path = Services;
			sourceTree = "<group>";
		};
		CFD686E92CDEC29700728CE5 /* Models */ = {
			isa = PBXFileSystemSynchronizedRootGroup;
			path = Models;
			sourceTree = "<group>";
		};
		CFD686F52CDECD0C00728CE5 /* ViewModels */ = {
			isa = PBXFileSystemSynchronizedRootGroup;
			path = ViewModels;
			sourceTree = "<group>";
		};
/* End PBXFileSystemSynchronizedRootGroup section */

/* Begin PBXFrameworksBuildPhase section */
		CF9726A62CD032DD002AAC1A /* Frameworks */ = {
			isa = PBXFrameworksBuildPhase;
			buildActionMask = 2147483647;
			files = (
				CFA56CBE2CE2C58F0081AA88 /* SwiftJWT in Frameworks */,
				CFA56CC42CE2C7CC0081AA88 /* CptShare.xcframework in Frameworks */,
				CFA56CC02CE2C7B10081AA88 /* ZoomVideoSDK.xcframework in Frameworks */,
			);
			runOnlyForDeploymentPostprocessing = 0;
		};
		CF9726B62CD032DE002AAC1A /* Frameworks */ = {
			isa = PBXFrameworksBuildPhase;
			buildActionMask = 2147483647;
			files = (
			);
			runOnlyForDeploymentPostprocessing = 0;
		};
		CF9726C02CD032DE002AAC1A /* Frameworks */ = {
			isa = PBXFrameworksBuildPhase;
			buildActionMask = 2147483647;
			files = (
			);
			runOnlyForDeploymentPostprocessing = 0;
		};
		CFD686762CDD801500728CE5 /* Frameworks */ = {
			isa = PBXFrameworksBuildPhase;
			buildActionMask = 2147483647;
			files = (
				CFA56C812CE2BB8B0081AA88 /* ZMDB.framework in Frameworks */,
				CFA56C822CE2BB8B0081AA88 /* ZMVideoSDK.framework in Frameworks */,
				CFA56C7F2CE2BB7A0081AA88 /* libssl.dylib in Frameworks */,
				CFA56C802CE2BB7A0081AA88 /* libzoombase_crypto_shared.dylib in Frameworks */,
				CFA56C7B2CE2BB600081AA88 /* libcares.dylib in Frameworks */,
				CFA56C7C2CE2BB600081AA88 /* libcrypto.dylib in Frameworks */,
				CFA56C7D2CE2BB600081AA88 /* libjson.dylib in Frameworks */,
				CFA56C7E2CE2BB600081AA88 /* libminizip.dylib in Frameworks */,
				CFA56CA82CE2BCD50081AA88 /* SwiftJWT in Frameworks */,
			);
			runOnlyForDeploymentPostprocessing = 0;
		};
		CFD686862CDD801700728CE5 /* Frameworks */ = {
			isa = PBXFrameworksBuildPhase;
			buildActionMask = 2147483647;
			files = (
			);
			runOnlyForDeploymentPostprocessing = 0;
		};
		CFD686902CDD801700728CE5 /* Frameworks */ = {
			isa = PBXFrameworksBuildPhase;
			buildActionMask = 2147483647;
			files = (
			);
			runOnlyForDeploymentPostprocessing = 0;
		};
/* End PBXFrameworksBuildPhase section */

/* Begin PBXGroup section */
		CF9726A02CD032DD002AAC1A = {
			isa = PBXGroup;
			children = (
				CFD686A42CDD80EB00728CE5 /* Shared */,
				CF9726AB2CD032DD002AAC1A /* SurgeonITPClient */,
				CF9726BC2CD032DE002AAC1A /* SurgeonITPClientTests */,
				CF9726C62CD032DE002AAC1A /* SurgeonITPClientUITests */,
				CFD6868C2CDD801700728CE5 /* IDRMacOSAppTests */,
				CFD686962CDD801700728CE5 /* IDRMacOSAppUITests */,
				CFD6867A2CDD801500728CE5 /* IDRMacOSApp */,
				CFA56C4E2CE2BB080081AA88 /* Frameworks */,
				CF9726AA2CD032DD002AAC1A /* Products */,
			);
			sourceTree = "<group>";
		};
		CF9726AA2CD032DD002AAC1A /* Products */ = {
			isa = PBXGroup;
			children = (
				CF9726A92CD032DD002AAC1A /* SurgeonITPClient.app */,
				CF9726B92CD032DE002AAC1A /* SurgeonITPClientTests.xctest */,
				CF9726C32CD032DE002AAC1A /* SurgeonITPClientUITests.xctest */,
				CFD686792CDD801500728CE5 /* IDRMacOSApp.app */,
				CFD686892CDD801700728CE5 /* IDRMacOSAppTests.xctest */,
				CFD686932CDD801700728CE5 /* IDRMacOSAppUITests.xctest */,
			);
			name = Products;
			sourceTree = "<group>";
		};
		CFA56C4E2CE2BB080081AA88 /* Frameworks */ = {
			isa = PBXGroup;
			children = (
				CFA56CC32CE2C7CC0081AA88 /* CptShare.xcframework */,
				CFA56CBF2CE2C7B10081AA88 /* ZoomVideoSDK.xcframework */,
				CFA56C562CE2BB080081AA88 /* annoter.bundle */,
				CFA56C662CE2BB080081AA88 /* aomagent.bundle */,
				CFA56C782CE2BB090081AA88 /* aomhost.app */,
				CFA56C692CE2BB080081AA88 /* capHost.app */,
				CFA56C672CE2BB080081AA88 /* cmmbiz.framework */,
				CFA56C682CE2BB080081AA88 /* cmmlib.framework */,
				CFA56C652CE2BB080081AA88 /* CptHost.app */,
				CFA56C602CE2BB080081AA88 /* curl64.framework */,
				CFA56C522CE2BB080081AA88 /* libcares.dylib */,
				CFA56C752CE2BB090081AA88 /* libcrypto.dylib */,
				CFA56C532CE2BB080081AA88 /* libjson.dylib */,
				CFA56C572CE2BB080081AA88 /* libminizip.dylib */,
				CFA56C552CE2BB080081AA88 /* libmpg123_mac.bundle */,
				CFA56C642CE2BB080081AA88 /* libssl.dylib */,
				CFA56C5F2CE2BB080081AA88 /* libzoombase_crypto_shared.dylib */,
				CFA56C792CE2BB090081AA88 /* mcm.bundle */,
				CFA56C502CE2BB080081AA88 /* nydus.framework */,
				CFA56C5B2CE2BB080081AA88 /* protobuf.framework */,
				CFA56C772CE2BB090081AA88 /* ssb_sdk.bundle */,
				CFA56C5E2CE2BB080081AA88 /* tp.framework */,
				CFA56C542CE2BB080081AA88 /* util.framework */,
				CFA56C592CE2BB080081AA88 /* VideoSDK.dylib */,
				CFA56C5D2CE2BB080081AA88 /* viper.framework */,
				CFA56C762CE2BB090081AA88 /* xmpp_framework.framework */,
				CFA56C6A2CE2BB080081AA88 /* zConfCallbackDispatcher.framework */,
				CFA56C612CE2BB080081AA88 /* zData.bundle */,
				CFA56C632CE2BB080081AA88 /* zlt.bundle */,
				CFA56C4F2CE2BB080081AA88 /* ZMDB.framework */,
				CFA56C512CE2BB080081AA88 /* ZMVideoSDK.framework */,
				CFA56C5A2CE2BB080081AA88 /* zNetUtils.framework */,
				CFA56C742CE2BB090081AA88 /* ZoomAudioDevice.driver */,
				CFA56C5C2CE2BB080081AA88 /* ZoomTask.framework */,
				CFA56C7A2CE2BB090081AA88 /* ZoomVideoSDKMeetingBridge.framework */,
				CFA56C622CE2BB080081AA88 /* zVideoApp.bundle */,
				CFA56C582CE2BB080081AA88 /* zWebService.bundle */,
			);
			name = Frameworks;
			sourceTree = "<group>";
		};
		CFA56C6C2CE2BB090081AA88 /* _CodeSignature */ = {
			isa = PBXGroup;
			children = (
				CFA56C6B2CE2BB090081AA88 /* CodeResources */,
			);
			path = _CodeSignature;
			sourceTree = "<group>";
		};
		CFA56C6E2CE2BB090081AA88 /* MacOS */ = {
			isa = PBXGroup;
			children = (
				CFA56C6D2CE2BB090081AA88 /* ZoomAudioDevice */,
			);
			path = MacOS;
			sourceTree = "<group>";
		};
		CFA56C712CE2BB090081AA88 /* Resources */ = {
			isa = PBXGroup;
			children = (
				CFA56C6F2CE2BB090081AA88 /* Localizable.strings */,
				CFA56C702CE2BB090081AA88 /* ZoomAudioIcon.icns */,
			);
			path = Resources;
			sourceTree = "<group>";
		};
		CFA56C732CE2BB090081AA88 /* Contents */ = {
			isa = PBXGroup;
			children = (
				CFA56C6C2CE2BB090081AA88 /* _CodeSignature */,
				CFA56C6E2CE2BB090081AA88 /* MacOS */,
				CFA56C712CE2BB090081AA88 /* Resources */,
				CFA56C722CE2BB090081AA88 /* Info.plist */,
			);
			path = Contents;
			sourceTree = "<group>";
		};
		CFA56C742CE2BB090081AA88 /* ZoomAudioDevice.driver */ = {
			isa = PBXGroup;
			children = (
				CFA56C732CE2BB090081AA88 /* Contents */,
			);
			name = ZoomAudioDevice.driver;
			path = ZoomVideoSDK/ZoomAudioDevice.driver;
			sourceTree = "<group>";
		};
		CFD686A42CDD80EB00728CE5 /* Shared */ = {
			isa = PBXGroup;
			children = (
				CFD686F52CDECD0C00728CE5 /* ViewModels */,
				CFD686E92CDEC29700728CE5 /* Models */,
				CFD686E62CDEA74A00728CE5 /* Services */,
				CFD686AA2CDD814800728CE5 /* Helpers */,
			);
			path = Shared;
			sourceTree = "<group>";
		};
/* End PBXGroup section */

/* Begin PBXNativeTarget section */
		CF9726A82CD032DD002AAC1A /* SurgeonITPClient */ = {
			isa = PBXNativeTarget;
			buildConfigurationList = CF9726CD2CD032DE002AAC1A /* Build configuration list for PBXNativeTarget "SurgeonITPClient" */;
			buildPhases = (
				CF9726A52CD032DD002AAC1A /* Sources */,
				CF9726A62CD032DD002AAC1A /* Frameworks */,
				CF9726A72CD032DD002AAC1A /* Resources */,
				CFA56CC22CE2C7B10081AA88 /* Embed Frameworks */,
			);
			buildRules = (
			);
			dependencies = (
			);
			fileSystemSynchronizedGroups = (
				CF9726AB2CD032DD002AAC1A /* SurgeonITPClient */,
				CFD686AA2CDD814800728CE5 /* Helpers */,
				CFD686E62CDEA74A00728CE5 /* Services */,
				CFD686E92CDEC29700728CE5 /* Models */,
				CFD686F52CDECD0C00728CE5 /* ViewModels */,
			);
			name = SurgeonITPClient;
			packageProductDependencies = (
				CFA56CBD2CE2C58F0081AA88 /* SwiftJWT */,
			);
			productName = SurgeonITPClient;
			productReference = CF9726A92CD032DD002AAC1A /* SurgeonITPClient.app */;
			productType = "com.apple.product-type.application";
		};
		CF9726B82CD032DE002AAC1A /* SurgeonITPClientTests */ = {
			isa = PBXNativeTarget;
			buildConfigurationList = CF9726D02CD032DE002AAC1A /* Build configuration list for PBXNativeTarget "SurgeonITPClientTests" */;
			buildPhases = (
				CF9726B52CD032DE002AAC1A /* Sources */,
				CF9726B62CD032DE002AAC1A /* Frameworks */,
				CF9726B72CD032DE002AAC1A /* Resources */,
			);
			buildRules = (
			);
			dependencies = (
				CF9726BB2CD032DE002AAC1A /* PBXTargetDependency */,
			);
			fileSystemSynchronizedGroups = (
				CF9726BC2CD032DE002AAC1A /* SurgeonITPClientTests */,
			);
			name = SurgeonITPClientTests;
			packageProductDependencies = (
			);
			productName = SurgeonITPClientTests;
			productReference = CF9726B92CD032DE002AAC1A /* SurgeonITPClientTests.xctest */;
			productType = "com.apple.product-type.bundle.unit-test";
		};
		CF9726C22CD032DE002AAC1A /* SurgeonITPClientUITests */ = {
			isa = PBXNativeTarget;
			buildConfigurationList = CF9726D32CD032DE002AAC1A /* Build configuration list for PBXNativeTarget "SurgeonITPClientUITests" */;
			buildPhases = (
				CF9726BF2CD032DE002AAC1A /* Sources */,
				CF9726C02CD032DE002AAC1A /* Frameworks */,
				CF9726C12CD032DE002AAC1A /* Resources */,
			);
			buildRules = (
			);
			dependencies = (
				CF9726C52CD032DE002AAC1A /* PBXTargetDependency */,
			);
			fileSystemSynchronizedGroups = (
				CF9726C62CD032DE002AAC1A /* SurgeonITPClientUITests */,
			);
			name = SurgeonITPClientUITests;
			packageProductDependencies = (
			);
			productName = SurgeonITPClientUITests;
			productReference = CF9726C32CD032DE002AAC1A /* SurgeonITPClientUITests.xctest */;
			productType = "com.apple.product-type.bundle.ui-testing";
		};
		CFD686782CDD801500728CE5 /* IDRMacOSApp */ = {
			isa = PBXNativeTarget;
			buildConfigurationList = CFD686A12CDD801700728CE5 /* Build configuration list for PBXNativeTarget "IDRMacOSApp" */;
			buildPhases = (
				CFD686752CDD801500728CE5 /* Sources */,
				CFD686762CDD801500728CE5 /* Frameworks */,
				CFD686772CDD801500728CE5 /* Resources */,
				CFA56C842CE2BBBB0081AA88 /* CopyFiles */,
			);
			buildRules = (
			);
			dependencies = (
			);
			fileSystemSynchronizedGroups = (
				CFD6867A2CDD801500728CE5 /* IDRMacOSApp */,
				CFD686AA2CDD814800728CE5 /* Helpers */,
				CFD686E62CDEA74A00728CE5 /* Services */,
				CFD686E92CDEC29700728CE5 /* Models */,
				CFD686F52CDECD0C00728CE5 /* ViewModels */,
			);
			name = IDRMacOSApp;
			packageProductDependencies = (
				CFA56CA72CE2BCD50081AA88 /* SwiftJWT */,
			);
			productName = IDRMacOSApp;
			productReference = CFD686792CDD801500728CE5 /* IDRMacOSApp.app */;
			productType = "com.apple.product-type.application";
		};
		CFD686882CDD801700728CE5 /* IDRMacOSAppTests */ = {
			isa = PBXNativeTarget;
			buildConfigurationList = CFD686A22CDD801700728CE5 /* Build configuration list for PBXNativeTarget "IDRMacOSAppTests" */;
			buildPhases = (
				CFD686852CDD801700728CE5 /* Sources */,
				CFD686862CDD801700728CE5 /* Frameworks */,
				CFD686872CDD801700728CE5 /* Resources */,
			);
			buildRules = (
			);
			dependencies = (
				CFD6868B2CDD801700728CE5 /* PBXTargetDependency */,
			);
			fileSystemSynchronizedGroups = (
				CFD6868C2CDD801700728CE5 /* IDRMacOSAppTests */,
			);
			name = IDRMacOSAppTests;
			packageProductDependencies = (
			);
			productName = IDRMacOSAppTests;
			productReference = CFD686892CDD801700728CE5 /* IDRMacOSAppTests.xctest */;
			productType = "com.apple.product-type.bundle.unit-test";
		};
		CFD686922CDD801700728CE5 /* IDRMacOSAppUITests */ = {
			isa = PBXNativeTarget;
			buildConfigurationList = CFD686A32CDD801700728CE5 /* Build configuration list for PBXNativeTarget "IDRMacOSAppUITests" */;
			buildPhases = (
				CFD6868F2CDD801700728CE5 /* Sources */,
				CFD686902CDD801700728CE5 /* Frameworks */,
				CFD686912CDD801700728CE5 /* Resources */,
			);
			buildRules = (
			);
			dependencies = (
				CFD686952CDD801700728CE5 /* PBXTargetDependency */,
			);
			fileSystemSynchronizedGroups = (
				CFD686962CDD801700728CE5 /* IDRMacOSAppUITests */,
			);
			name = IDRMacOSAppUITests;
			packageProductDependencies = (
			);
			productName = IDRMacOSAppUITests;
			productReference = CFD686932CDD801700728CE5 /* IDRMacOSAppUITests.xctest */;
			productType = "com.apple.product-type.bundle.ui-testing";
		};
/* End PBXNativeTarget section */

/* Begin PBXProject section */
		CF9726A12CD032DD002AAC1A /* Project object */ = {
			isa = PBXProject;
			attributes = {
				BuildIndependentTargetsInParallel = 1;
				LastSwiftUpdateCheck = 1610;
				LastUpgradeCheck = 1600;
				TargetAttributes = {
					CF9726A82CD032DD002AAC1A = {
						CreatedOnToolsVersion = 16.0;
					};
					CF9726B82CD032DE002AAC1A = {
						CreatedOnToolsVersion = 16.0;
						TestTargetID = CF9726A82CD032DD002AAC1A;
					};
					CF9726C22CD032DE002AAC1A = {
						CreatedOnToolsVersion = 16.0;
						TestTargetID = CF9726A82CD032DD002AAC1A;
					};
					CFD686782CDD801500728CE5 = {
						CreatedOnToolsVersion = 16.1;
					};
					CFD686882CDD801700728CE5 = {
						CreatedOnToolsVersion = 16.1;
						TestTargetID = CFD686782CDD801500728CE5;
					};
					CFD686922CDD801700728CE5 = {
						CreatedOnToolsVersion = 16.1;
						TestTargetID = CFD686782CDD801500728CE5;
					};
				};
			};
			buildConfigurationList = CF9726A42CD032DD002AAC1A /* Build configuration list for PBXProject "SurgeonITPClient" */;
			developmentRegion = en;
			hasScannedForEncodings = 0;
			knownRegions = (
				en,
				Base,
			);
			mainGroup = CF9726A02CD032DD002AAC1A;
			minimizedProjectReferenceProxies = 1;
			packageReferences = (
				CFA56CA62CE2BCD50081AA88 /* XCRemoteSwiftPackageReference "Swift-JWT" */,
			);
			preferredProjectObjectVersion = 77;
			productRefGroup = CF9726AA2CD032DD002AAC1A /* Products */;
			projectDirPath = "";
			projectRoot = "";
			targets = (
				CF9726A82CD032DD002AAC1A /* SurgeonITPClient */,
				CF9726B82CD032DE002AAC1A /* SurgeonITPClientTests */,
				CF9726C22CD032DE002AAC1A /* SurgeonITPClientUITests */,
				CFD686782CDD801500728CE5 /* IDRMacOSApp */,
				CFD686882CDD801700728CE5 /* IDRMacOSAppTests */,
				CFD686922CDD801700728CE5 /* IDRMacOSAppUITests */,
			);
		};
/* End PBXProject section */

/* Begin PBXResourcesBuildPhase section */
		CF9726A72CD032DD002AAC1A /* Resources */ = {
			isa = PBXResourcesBuildPhase;
			buildActionMask = 2147483647;
			files = (
			);
			runOnlyForDeploymentPostprocessing = 0;
		};
		CF9726B72CD032DE002AAC1A /* Resources */ = {
			isa = PBXResourcesBuildPhase;
			buildActionMask = 2147483647;
			files = (
			);
			runOnlyForDeploymentPostprocessing = 0;
		};
		CF9726C12CD032DE002AAC1A /* Resources */ = {
			isa = PBXResourcesBuildPhase;
			buildActionMask = 2147483647;
			files = (
			);
			runOnlyForDeploymentPostprocessing = 0;
		};
		CFD686772CDD801500728CE5 /* Resources */ = {
			isa = PBXResourcesBuildPhase;
			buildActionMask = 2147483647;
			files = (
				CFA56C832CE2BBB00081AA88 /* libmpg123_mac.bundle in Resources */,
			);
			runOnlyForDeploymentPostprocessing = 0;
		};
		CFD686872CDD801700728CE5 /* Resources */ = {
			isa = PBXResourcesBuildPhase;
			buildActionMask = 2147483647;
			files = (
			);
			runOnlyForDeploymentPostprocessing = 0;
		};
		CFD686912CDD801700728CE5 /* Resources */ = {
			isa = PBXResourcesBuildPhase;
			buildActionMask = 2147483647;
			files = (
			);
			runOnlyForDeploymentPostprocessing = 0;
		};
/* End PBXResourcesBuildPhase section */

/* Begin PBXSourcesBuildPhase section */
		CF9726A52CD032DD002AAC1A /* Sources */ = {
			isa = PBXSourcesBuildPhase;
			buildActionMask = 2147483647;
			files = (
			);
			runOnlyForDeploymentPostprocessing = 0;
		};
		CF9726B52CD032DE002AAC1A /* Sources */ = {
			isa = PBXSourcesBuildPhase;
			buildActionMask = 2147483647;
			files = (
			);
			runOnlyForDeploymentPostprocessing = 0;
		};
		CF9726BF2CD032DE002AAC1A /* Sources */ = {
			isa = PBXSourcesBuildPhase;
			buildActionMask = 2147483647;
			files = (
			);
			runOnlyForDeploymentPostprocessing = 0;
		};
		CFD686752CDD801500728CE5 /* Sources */ = {
			isa = PBXSourcesBuildPhase;
			buildActionMask = 2147483647;
			files = (
			);
			runOnlyForDeploymentPostprocessing = 0;
		};
		CFD686852CDD801700728CE5 /* Sources */ = {
			isa = PBXSourcesBuildPhase;
			buildActionMask = 2147483647;
			files = (
			);
			runOnlyForDeploymentPostprocessing = 0;
		};
		CFD6868F2CDD801700728CE5 /* Sources */ = {
			isa = PBXSourcesBuildPhase;
			buildActionMask = 2147483647;
			files = (
			);
			runOnlyForDeploymentPostprocessing = 0;
		};
/* End PBXSourcesBuildPhase section */

/* Begin PBXTargetDependency section */
		CF9726BB2CD032DE002AAC1A /* PBXTargetDependency */ = {
			isa = PBXTargetDependency;
			target = CF9726A82CD032DD002AAC1A /* SurgeonITPClient */;
			targetProxy = CF9726BA2CD032DE002AAC1A /* PBXContainerItemProxy */;
		};
		CF9726C52CD032DE002AAC1A /* PBXTargetDependency */ = {
			isa = PBXTargetDependency;
			target = CF9726A82CD032DD002AAC1A /* SurgeonITPClient */;
			targetProxy = CF9726C42CD032DE002AAC1A /* PBXContainerItemProxy */;
		};
		CFD6868B2CDD801700728CE5 /* PBXTargetDependency */ = {
			isa = PBXTargetDependency;
			target = CFD686782CDD801500728CE5 /* IDRMacOSApp */;
			targetProxy = CFD6868A2CDD801700728CE5 /* PBXContainerItemProxy */;
		};
		CFD686952CDD801700728CE5 /* PBXTargetDependency */ = {
			isa = PBXTargetDependency;
			target = CFD686782CDD801500728CE5 /* IDRMacOSApp */;
			targetProxy = CFD686942CDD801700728CE5 /* PBXContainerItemProxy */;
		};
/* End PBXTargetDependency section */

/* Begin XCBuildConfiguration section */
		CF9726CB2CD032DE002AAC1A /* Debug */ = {
			isa = XCBuildConfiguration;
			buildSettings = {
				ALWAYS_SEARCH_USER_PATHS = NO;
				ASSETCATALOG_COMPILER_GENERATE_SWIFT_ASSET_SYMBOL_EXTENSIONS = YES;
				CLANG_ANALYZER_NONNULL = YES;
				CLANG_ANALYZER_NUMBER_OBJECT_CONVERSION = YES_AGGRESSIVE;
				CLANG_CXX_LANGUAGE_STANDARD = "gnu++20";
				CLANG_ENABLE_MODULES = YES;
				CLANG_ENABLE_OBJC_ARC = YES;
				CLANG_ENABLE_OBJC_WEAK = YES;
				CLANG_WARN_BLOCK_CAPTURE_AUTORELEASING = YES;
				CLANG_WARN_BOOL_CONVERSION = YES;
				CLANG_WARN_COMMA = YES;
				CLANG_WARN_CONSTANT_CONVERSION = YES;
				CLANG_WARN_DEPRECATED_OBJC_IMPLEMENTATIONS = YES;
				CLANG_WARN_DIRECT_OBJC_ISA_USAGE = YES_ERROR;
				CLANG_WARN_DOCUMENTATION_COMMENTS = YES;
				CLANG_WARN_EMPTY_BODY = YES;
				CLANG_WARN_ENUM_CONVERSION = YES;
				CLANG_WARN_INFINITE_RECURSION = YES;
				CLANG_WARN_INT_CONVERSION = YES;
				CLANG_WARN_NON_LITERAL_NULL_CONVERSION = YES;
				CLANG_WARN_OBJC_IMPLICIT_RETAIN_SELF = YES;
				CLANG_WARN_OBJC_LITERAL_CONVERSION = YES;
				CLANG_WARN_OBJC_ROOT_CLASS = YES_ERROR;
				CLANG_WARN_QUOTED_INCLUDE_IN_FRAMEWORK_HEADER = YES;
				CLANG_WARN_RANGE_LOOP_ANALYSIS = YES;
				CLANG_WARN_STRICT_PROTOTYPES = YES;
				CLANG_WARN_SUSPICIOUS_MOVE = YES;
				CLANG_WARN_UNGUARDED_AVAILABILITY = YES_AGGRESSIVE;
				CLANG_WARN_UNREACHABLE_CODE = YES;
				CLANG_WARN__DUPLICATE_METHOD_MATCH = YES;
				COPY_PHASE_STRIP = NO;
				DEBUG_INFORMATION_FORMAT = dwarf;
				ENABLE_STRICT_OBJC_MSGSEND = YES;
				ENABLE_TESTABILITY = YES;
				ENABLE_USER_SCRIPT_SANDBOXING = YES;
				GCC_C_LANGUAGE_STANDARD = gnu17;
				GCC_DYNAMIC_NO_PIC = NO;
				GCC_NO_COMMON_BLOCKS = YES;
				GCC_OPTIMIZATION_LEVEL = 0;
				GCC_PREPROCESSOR_DEFINITIONS = (
					"DEBUG=1",
					"$(inherited)",
				);
				GCC_WARN_64_TO_32_BIT_CONVERSION = YES;
				GCC_WARN_ABOUT_RETURN_TYPE = YES_ERROR;
				GCC_WARN_UNDECLARED_SELECTOR = YES;
				GCC_WARN_UNINITIALIZED_AUTOS = YES_AGGRESSIVE;
				GCC_WARN_UNUSED_FUNCTION = YES;
				GCC_WARN_UNUSED_VARIABLE = YES;
				IPHONEOS_DEPLOYMENT_TARGET = 18.0;
				LOCALIZATION_PREFERS_STRING_CATALOGS = YES;
				MTL_ENABLE_DEBUG_INFO = INCLUDE_SOURCE;
				MTL_FAST_MATH = YES;
				ONLY_ACTIVE_ARCH = YES;
				SDKROOT = iphoneos;
				SWIFT_ACTIVE_COMPILATION_CONDITIONS = "DEBUG $(inherited)";
				SWIFT_OPTIMIZATION_LEVEL = "-Onone";
			};
			name = Debug;
		};
		CF9726CC2CD032DE002AAC1A /* Release */ = {
			isa = XCBuildConfiguration;
			buildSettings = {
				ALWAYS_SEARCH_USER_PATHS = NO;
				ASSETCATALOG_COMPILER_GENERATE_SWIFT_ASSET_SYMBOL_EXTENSIONS = YES;
				CLANG_ANALYZER_NONNULL = YES;
				CLANG_ANALYZER_NUMBER_OBJECT_CONVERSION = YES_AGGRESSIVE;
				CLANG_CXX_LANGUAGE_STANDARD = "gnu++20";
				CLANG_ENABLE_MODULES = YES;
				CLANG_ENABLE_OBJC_ARC = YES;
				CLANG_ENABLE_OBJC_WEAK = YES;
				CLANG_WARN_BLOCK_CAPTURE_AUTORELEASING = YES;
				CLANG_WARN_BOOL_CONVERSION = YES;
				CLANG_WARN_COMMA = YES;
				CLANG_WARN_CONSTANT_CONVERSION = YES;
				CLANG_WARN_DEPRECATED_OBJC_IMPLEMENTATIONS = YES;
				CLANG_WARN_DIRECT_OBJC_ISA_USAGE = YES_ERROR;
				CLANG_WARN_DOCUMENTATION_COMMENTS = YES;
				CLANG_WARN_EMPTY_BODY = YES;
				CLANG_WARN_ENUM_CONVERSION = YES;
				CLANG_WARN_INFINITE_RECURSION = YES;
				CLANG_WARN_INT_CONVERSION = YES;
				CLANG_WARN_NON_LITERAL_NULL_CONVERSION = YES;
				CLANG_WARN_OBJC_IMPLICIT_RETAIN_SELF = YES;
				CLANG_WARN_OBJC_LITERAL_CONVERSION = YES;
				CLANG_WARN_OBJC_ROOT_CLASS = YES_ERROR;
				CLANG_WARN_QUOTED_INCLUDE_IN_FRAMEWORK_HEADER = YES;
				CLANG_WARN_RANGE_LOOP_ANALYSIS = YES;
				CLANG_WARN_STRICT_PROTOTYPES = YES;
				CLANG_WARN_SUSPICIOUS_MOVE = YES;
				CLANG_WARN_UNGUARDED_AVAILABILITY = YES_AGGRESSIVE;
				CLANG_WARN_UNREACHABLE_CODE = YES;
				CLANG_WARN__DUPLICATE_METHOD_MATCH = YES;
				COPY_PHASE_STRIP = NO;
				DEBUG_INFORMATION_FORMAT = "dwarf-with-dsym";
				ENABLE_NS_ASSERTIONS = NO;
				ENABLE_STRICT_OBJC_MSGSEND = YES;
				ENABLE_USER_SCRIPT_SANDBOXING = YES;
				GCC_C_LANGUAGE_STANDARD = gnu17;
				GCC_NO_COMMON_BLOCKS = YES;
				GCC_WARN_64_TO_32_BIT_CONVERSION = YES;
				GCC_WARN_ABOUT_RETURN_TYPE = YES_ERROR;
				GCC_WARN_UNDECLARED_SELECTOR = YES;
				GCC_WARN_UNINITIALIZED_AUTOS = YES_AGGRESSIVE;
				GCC_WARN_UNUSED_FUNCTION = YES;
				GCC_WARN_UNUSED_VARIABLE = YES;
				IPHONEOS_DEPLOYMENT_TARGET = 18.0;
				LOCALIZATION_PREFERS_STRING_CATALOGS = YES;
				MTL_ENABLE_DEBUG_INFO = NO;
				MTL_FAST_MATH = YES;
				SDKROOT = iphoneos;
				SWIFT_COMPILATION_MODE = wholemodule;
				VALIDATE_PRODUCT = YES;
			};
			name = Release;
		};
		CF9726CE2CD032DE002AAC1A /* Debug */ = {
			isa = XCBuildConfiguration;
			buildSettings = {
				ASSETCATALOG_COMPILER_APPICON_NAME = AppIcon;
				ASSETCATALOG_COMPILER_GLOBAL_ACCENT_COLOR_NAME = AccentColor;
				CODE_SIGN_STYLE = Automatic;
				CURRENT_PROJECT_VERSION = 1;
				DEVELOPMENT_ASSET_PATHS = "\"SurgeonITPClient/Preview Content\"";
				DEVELOPMENT_TEAM = F6C9X4WWW5;
				ENABLE_PREVIEWS = YES;
				GENERATE_INFOPLIST_FILE = YES;
				INFOPLIST_FILE = SurgeonITPClient/Info.plist;
				INFOPLIST_KEY_CFBundleDisplayName = "";
				INFOPLIST_KEY_LSApplicationCategoryType = "";
				INFOPLIST_KEY_NSBluetoothPeripheralUsageDescription = "Bluetooth Peripheral Usage Description";
				INFOPLIST_KEY_NSCameraUsageDescription = "required for video";
				INFOPLIST_KEY_NSFaceIDUsageDescription = "Securely retrieve information";
				INFOPLIST_KEY_NSLocalNetworkUsageDescription = "Connect to nearby devices";
				INFOPLIST_KEY_NSLocationAlwaysAndWhenInUseUsageDescription = "We need your location to detect nearby beacons.";
				INFOPLIST_KEY_NSLocationUsageDescription = "We need your location to detect nearby beacons.";
				INFOPLIST_KEY_NSLocationWhenInUseUsageDescription = "We need your location to detect nearby beacons.";
				INFOPLIST_KEY_NSMicrophoneUsageDescription = "required for audio";
				INFOPLIST_KEY_UIApplicationSceneManifest_Generation = YES;
				INFOPLIST_KEY_UIApplicationSupportsIndirectInputEvents = YES;
				INFOPLIST_KEY_UILaunchScreen_Generation = YES;
				INFOPLIST_KEY_UISupportedInterfaceOrientations_iPad = "UIInterfaceOrientationPortrait UIInterfaceOrientationPortraitUpsideDown UIInterfaceOrientationLandscapeLeft UIInterfaceOrientationLandscapeRight";
				INFOPLIST_KEY_UISupportedInterfaceOrientations_iPhone = "UIInterfaceOrientationPortrait UIInterfaceOrientationLandscapeLeft UIInterfaceOrientationLandscapeRight";
				LD_RUNPATH_SEARCH_PATHS = (
					"$(inherited)",
					"@executable_path/Frameworks",
				);
				MARKETING_VERSION = 1.0;
				PRODUCT_BUNDLE_IDENTIFIER = com.jacs.SurgeonITPClient;
				PRODUCT_NAME = "$(TARGET_NAME)";
				SUPPORTED_PLATFORMS = "iphoneos iphonesimulator";
				SUPPORTS_MACCATALYST = NO;
				SUPPORTS_MAC_DESIGNED_FOR_IPHONE_IPAD = NO;
				SUPPORTS_XR_DESIGNED_FOR_IPHONE_IPAD = NO;
				SWIFT_EMIT_LOC_STRINGS = YES;
				SWIFT_VERSION = 5.0;
				TARGETED_DEVICE_FAMILY = "1,2";
			};
			name = Debug;
		};
		CF9726CF2CD032DE002AAC1A /* Release */ = {
			isa = XCBuildConfiguration;
			buildSettings = {
				ASSETCATALOG_COMPILER_APPICON_NAME = AppIcon;
				ASSETCATALOG_COMPILER_GLOBAL_ACCENT_COLOR_NAME = AccentColor;
				CODE_SIGN_STYLE = Automatic;
				CURRENT_PROJECT_VERSION = 1;
				DEVELOPMENT_ASSET_PATHS = "\"SurgeonITPClient/Preview Content\"";
				DEVELOPMENT_TEAM = F6C9X4WWW5;
				ENABLE_PREVIEWS = YES;
				GENERATE_INFOPLIST_FILE = YES;
				INFOPLIST_FILE = SurgeonITPClient/Info.plist;
				INFOPLIST_KEY_CFBundleDisplayName = "";
				INFOPLIST_KEY_LSApplicationCategoryType = "";
				INFOPLIST_KEY_NSBluetoothPeripheralUsageDescription = "Bluetooth Peripheral Usage Description";
				INFOPLIST_KEY_NSCameraUsageDescription = "required for video";
				INFOPLIST_KEY_NSFaceIDUsageDescription = "Securely retrieve information";
				INFOPLIST_KEY_NSLocalNetworkUsageDescription = "Connect to nearby devices";
				INFOPLIST_KEY_NSLocationAlwaysAndWhenInUseUsageDescription = "We need your location to detect nearby beacons.";
				INFOPLIST_KEY_NSLocationUsageDescription = "We need your location to detect nearby beacons.";
				INFOPLIST_KEY_NSLocationWhenInUseUsageDescription = "We need your location to detect nearby beacons.";
				INFOPLIST_KEY_NSMicrophoneUsageDescription = "required for audio";
				INFOPLIST_KEY_UIApplicationSceneManifest_Generation = YES;
				INFOPLIST_KEY_UIApplicationSupportsIndirectInputEvents = YES;
				INFOPLIST_KEY_UILaunchScreen_Generation = YES;
				INFOPLIST_KEY_UISupportedInterfaceOrientations_iPad = "UIInterfaceOrientationPortrait UIInterfaceOrientationPortraitUpsideDown UIInterfaceOrientationLandscapeLeft UIInterfaceOrientationLandscapeRight";
				INFOPLIST_KEY_UISupportedInterfaceOrientations_iPhone = "UIInterfaceOrientationPortrait UIInterfaceOrientationLandscapeLeft UIInterfaceOrientationLandscapeRight";
				LD_RUNPATH_SEARCH_PATHS = (
					"$(inherited)",
					"@executable_path/Frameworks",
				);
				MARKETING_VERSION = 1.0;
				PRODUCT_BUNDLE_IDENTIFIER = com.jacs.SurgeonITPClient;
				PRODUCT_NAME = "$(TARGET_NAME)";
				SUPPORTED_PLATFORMS = "iphoneos iphonesimulator";
				SUPPORTS_MACCATALYST = NO;
				SUPPORTS_MAC_DESIGNED_FOR_IPHONE_IPAD = NO;
				SUPPORTS_XR_DESIGNED_FOR_IPHONE_IPAD = NO;
				SWIFT_EMIT_LOC_STRINGS = YES;
				SWIFT_VERSION = 5.0;
				TARGETED_DEVICE_FAMILY = "1,2";
			};
			name = Release;
		};
		CF9726D12CD032DE002AAC1A /* Debug */ = {
			isa = XCBuildConfiguration;
			buildSettings = {
				BUNDLE_LOADER = "$(TEST_HOST)";
				CODE_SIGN_STYLE = Automatic;
				CURRENT_PROJECT_VERSION = 1;
				DEVELOPMENT_TEAM = F6C9X4WWW5;
				GENERATE_INFOPLIST_FILE = YES;
				IPHONEOS_DEPLOYMENT_TARGET = 18.0;
				MARKETING_VERSION = 1.0;
				PRODUCT_BUNDLE_IDENTIFIER = com.jacs.SurgeonITPClientTests;
				PRODUCT_NAME = "$(TARGET_NAME)";
				SWIFT_EMIT_LOC_STRINGS = NO;
				SWIFT_VERSION = 5.0;
				TARGETED_DEVICE_FAMILY = "1,2";
				TEST_HOST = "$(BUILT_PRODUCTS_DIR)/SurgeonITPClient.app/$(BUNDLE_EXECUTABLE_FOLDER_PATH)/SurgeonITPClient";
			};
			name = Debug;
		};
		CF9726D22CD032DE002AAC1A /* Release */ = {
			isa = XCBuildConfiguration;
			buildSettings = {
				BUNDLE_LOADER = "$(TEST_HOST)";
				CODE_SIGN_STYLE = Automatic;
				CURRENT_PROJECT_VERSION = 1;
				DEVELOPMENT_TEAM = F6C9X4WWW5;
				GENERATE_INFOPLIST_FILE = YES;
				IPHONEOS_DEPLOYMENT_TARGET = 18.0;
				MARKETING_VERSION = 1.0;
				PRODUCT_BUNDLE_IDENTIFIER = com.jacs.SurgeonITPClientTests;
				PRODUCT_NAME = "$(TARGET_NAME)";
				SWIFT_EMIT_LOC_STRINGS = NO;
				SWIFT_VERSION = 5.0;
				TARGETED_DEVICE_FAMILY = "1,2";
				TEST_HOST = "$(BUILT_PRODUCTS_DIR)/SurgeonITPClient.app/$(BUNDLE_EXECUTABLE_FOLDER_PATH)/SurgeonITPClient";
			};
			name = Release;
		};
		CF9726D42CD032DE002AAC1A /* Debug */ = {
			isa = XCBuildConfiguration;
			buildSettings = {
				CODE_SIGN_STYLE = Automatic;
				CURRENT_PROJECT_VERSION = 1;
				DEVELOPMENT_TEAM = F6C9X4WWW5;
				GENERATE_INFOPLIST_FILE = YES;
				MARKETING_VERSION = 1.0;
				PRODUCT_BUNDLE_IDENTIFIER = com.jacs.SurgeonITPClientUITests;
				PRODUCT_NAME = "$(TARGET_NAME)";
				SWIFT_EMIT_LOC_STRINGS = NO;
				SWIFT_VERSION = 5.0;
				TARGETED_DEVICE_FAMILY = "1,2";
				TEST_TARGET_NAME = SurgeonITPClient;
			};
			name = Debug;
		};
		CF9726D52CD032DE002AAC1A /* Release */ = {
			isa = XCBuildConfiguration;
			buildSettings = {
				CODE_SIGN_STYLE = Automatic;
				CURRENT_PROJECT_VERSION = 1;
				DEVELOPMENT_TEAM = F6C9X4WWW5;
				GENERATE_INFOPLIST_FILE = YES;
				MARKETING_VERSION = 1.0;
				PRODUCT_BUNDLE_IDENTIFIER = com.jacs.SurgeonITPClientUITests;
				PRODUCT_NAME = "$(TARGET_NAME)";
				SWIFT_EMIT_LOC_STRINGS = NO;
				SWIFT_VERSION = 5.0;
				TARGETED_DEVICE_FAMILY = "1,2";
				TEST_TARGET_NAME = SurgeonITPClient;
			};
			name = Release;
		};
		CFD6869B2CDD801700728CE5 /* Debug */ = {
			isa = XCBuildConfiguration;
			buildSettings = {
				ASSETCATALOG_COMPILER_APPICON_NAME = AppIcon;
				ASSETCATALOG_COMPILER_GLOBAL_ACCENT_COLOR_NAME = AccentColor;
				CODE_SIGN_ENTITLEMENTS = IDRMacOSApp/IDRMacOSApp.entitlements;
				"CODE_SIGN_IDENTITY[sdk=macosx*]" = "Apple Development";
				CODE_SIGN_STYLE = Automatic;
				COMBINE_HIDPI_IMAGES = YES;
				CURRENT_PROJECT_VERSION = 1;
				DEVELOPMENT_ASSET_PATHS = "\"IDRMacOSApp/Preview Content\"";
				DEVELOPMENT_TEAM = F6C9X4WWW5;
				ENABLE_HARDENED_RUNTIME = NO;
				ENABLE_PREVIEWS = YES;
				FRAMEWORK_SEARCH_PATHS = (
					"$(inherited)",
					"$(PROJECT_DIR)/ZoomVideoSDK",
				);
				GENERATE_INFOPLIST_FILE = YES;
				INFOPLIST_FILE = IDRMacOSApp/Info.plist;
				INFOPLIST_KEY_NSBluetoothPeripheralUsageDescription = "required for bluetooth devices ";
				INFOPLIST_KEY_NSCameraUsageDescription = "required for sending video";
				INFOPLIST_KEY_NSHumanReadableCopyright = "";
				INFOPLIST_KEY_NSLocalNetworkUsageDescription = "Connect to nearby devices";
				INFOPLIST_KEY_NSMicrophoneUsageDescription = "Required for audio";
				LD_RUNPATH_SEARCH_PATHS = (
					"$(inherited)",
					"@executable_path/../Frameworks",
				);
				LIBRARY_SEARCH_PATHS = (
					"$(inherited)",
					"$(PROJECT_DIR)/ZoomVideoSDK",
				);
				MACOSX_DEPLOYMENT_TARGET = 15.1;
				MARKETING_VERSION = 1.0;
				PRODUCT_BUNDLE_IDENTIFIER = com.jacs.IDRMacOSApp;
				PRODUCT_NAME = "$(TARGET_NAME)";
				SDKROOT = macosx;
				SWIFT_EMIT_LOC_STRINGS = YES;
				SWIFT_VERSION = 5.0;
			};
			name = Debug;
		};
		CFD6869C2CDD801700728CE5 /* Release */ = {
			isa = XCBuildConfiguration;
			buildSettings = {
				ASSETCATALOG_COMPILER_APPICON_NAME = AppIcon;
				ASSETCATALOG_COMPILER_GLOBAL_ACCENT_COLOR_NAME = AccentColor;
				CODE_SIGN_ENTITLEMENTS = IDRMacOSApp/IDRMacOSApp.entitlements;
				"CODE_SIGN_IDENTITY[sdk=macosx*]" = "Apple Development";
				CODE_SIGN_STYLE = Automatic;
				COMBINE_HIDPI_IMAGES = YES;
				CURRENT_PROJECT_VERSION = 1;
				DEVELOPMENT_ASSET_PATHS = "\"IDRMacOSApp/Preview Content\"";
				DEVELOPMENT_TEAM = F6C9X4WWW5;
				ENABLE_HARDENED_RUNTIME = NO;
				ENABLE_PREVIEWS = YES;
				FRAMEWORK_SEARCH_PATHS = (
					"$(inherited)",
					"$(PROJECT_DIR)/ZoomVideoSDK",
				);
				GENERATE_INFOPLIST_FILE = YES;
				INFOPLIST_FILE = IDRMacOSApp/Info.plist;
				INFOPLIST_KEY_NSBluetoothPeripheralUsageDescription = "required for bluetooth devices ";
				INFOPLIST_KEY_NSCameraUsageDescription = "required for sending video";
				INFOPLIST_KEY_NSHumanReadableCopyright = "";
				INFOPLIST_KEY_NSLocalNetworkUsageDescription = "Connect to nearby devices";
				INFOPLIST_KEY_NSMicrophoneUsageDescription = "Required for audio";
				LD_RUNPATH_SEARCH_PATHS = (
					"$(inherited)",
					"@executable_path/../Frameworks",
				);
				LIBRARY_SEARCH_PATHS = (
					"$(inherited)",
					"$(PROJECT_DIR)/ZoomVideoSDK",
				);
				MACOSX_DEPLOYMENT_TARGET = 15.1;
				MARKETING_VERSION = 1.0;
				PRODUCT_BUNDLE_IDENTIFIER = com.jacs.IDRMacOSApp;
				PRODUCT_NAME = "$(TARGET_NAME)";
				SDKROOT = macosx;
				SWIFT_EMIT_LOC_STRINGS = YES;
				SWIFT_VERSION = 5.0;
			};
			name = Release;
		};
		CFD6869D2CDD801700728CE5 /* Debug */ = {
			isa = XCBuildConfiguration;
			buildSettings = {
				BUNDLE_LOADER = "$(TEST_HOST)";
				CODE_SIGN_STYLE = Automatic;
				CURRENT_PROJECT_VERSION = 1;
				DEVELOPMENT_TEAM = F6C9X4WWW5;
				GENERATE_INFOPLIST_FILE = YES;
				MACOSX_DEPLOYMENT_TARGET = 15.1;
				MARKETING_VERSION = 1.0;
				PRODUCT_BUNDLE_IDENTIFIER = com.jacs.IDRMacOSAppTests;
				PRODUCT_NAME = "$(TARGET_NAME)";
				SDKROOT = macosx;
				SWIFT_EMIT_LOC_STRINGS = NO;
				SWIFT_VERSION = 5.0;
				TEST_HOST = "$(BUILT_PRODUCTS_DIR)/IDRMacOSApp.app/$(BUNDLE_EXECUTABLE_FOLDER_PATH)/IDRMacOSApp";
			};
			name = Debug;
		};
		CFD6869E2CDD801700728CE5 /* Release */ = {
			isa = XCBuildConfiguration;
			buildSettings = {
				BUNDLE_LOADER = "$(TEST_HOST)";
				CODE_SIGN_STYLE = Automatic;
				CURRENT_PROJECT_VERSION = 1;
				DEVELOPMENT_TEAM = F6C9X4WWW5;
				GENERATE_INFOPLIST_FILE = YES;
				MACOSX_DEPLOYMENT_TARGET = 15.1;
				MARKETING_VERSION = 1.0;
				PRODUCT_BUNDLE_IDENTIFIER = com.jacs.IDRMacOSAppTests;
				PRODUCT_NAME = "$(TARGET_NAME)";
				SDKROOT = macosx;
				SWIFT_EMIT_LOC_STRINGS = NO;
				SWIFT_VERSION = 5.0;
				TEST_HOST = "$(BUILT_PRODUCTS_DIR)/IDRMacOSApp.app/$(BUNDLE_EXECUTABLE_FOLDER_PATH)/IDRMacOSApp";
			};
			name = Release;
		};
		CFD6869F2CDD801700728CE5 /* Debug */ = {
			isa = XCBuildConfiguration;
			buildSettings = {
				CODE_SIGN_STYLE = Automatic;
				CURRENT_PROJECT_VERSION = 1;
				DEVELOPMENT_TEAM = F6C9X4WWW5;
				GENERATE_INFOPLIST_FILE = YES;
				MACOSX_DEPLOYMENT_TARGET = 15.1;
				MARKETING_VERSION = 1.0;
				PRODUCT_BUNDLE_IDENTIFIER = com.jacs.IDRMacOSAppUITests;
				PRODUCT_NAME = "$(TARGET_NAME)";
				SDKROOT = macosx;
				SWIFT_EMIT_LOC_STRINGS = NO;
				SWIFT_VERSION = 5.0;
				TEST_TARGET_NAME = IDRMacOSApp;
			};
			name = Debug;
		};
		CFD686A02CDD801700728CE5 /* Release */ = {
			isa = XCBuildConfiguration;
			buildSettings = {
				CODE_SIGN_STYLE = Automatic;
				CURRENT_PROJECT_VERSION = 1;
				DEVELOPMENT_TEAM = F6C9X4WWW5;
				GENERATE_INFOPLIST_FILE = YES;
				MACOSX_DEPLOYMENT_TARGET = 15.1;
				MARKETING_VERSION = 1.0;
				PRODUCT_BUNDLE_IDENTIFIER = com.jacs.IDRMacOSAppUITests;
				PRODUCT_NAME = "$(TARGET_NAME)";
				SDKROOT = macosx;
				SWIFT_EMIT_LOC_STRINGS = NO;
				SWIFT_VERSION = 5.0;
				TEST_TARGET_NAME = IDRMacOSApp;
			};
			name = Release;
		};
/* End XCBuildConfiguration section */

/* Begin XCConfigurationList section */
		CF9726A42CD032DD002AAC1A /* Build configuration list for PBXProject "SurgeonITPClient" */ = {
			isa = XCConfigurationList;
			buildConfigurations = (
				CF9726CB2CD032DE002AAC1A /* Debug */,
				CF9726CC2CD032DE002AAC1A /* Release */,
			);
			defaultConfigurationIsVisible = 0;
			defaultConfigurationName = Release;
		};
		CF9726CD2CD032DE002AAC1A /* Build configuration list for PBXNativeTarget "SurgeonITPClient" */ = {
			isa = XCConfigurationList;
			buildConfigurations = (
				CF9726CE2CD032DE002AAC1A /* Debug */,
				CF9726CF2CD032DE002AAC1A /* Release */,
			);
			defaultConfigurationIsVisible = 0;
			defaultConfigurationName = Release;
		};
		CF9726D02CD032DE002AAC1A /* Build configuration list for PBXNativeTarget "SurgeonITPClientTests" */ = {
			isa = XCConfigurationList;
			buildConfigurations = (
				CF9726D12CD032DE002AAC1A /* Debug */,
				CF9726D22CD032DE002AAC1A /* Release */,
			);
			defaultConfigurationIsVisible = 0;
			defaultConfigurationName = Release;
		};
		CF9726D32CD032DE002AAC1A /* Build configuration list for PBXNativeTarget "SurgeonITPClientUITests" */ = {
			isa = XCConfigurationList;
			buildConfigurations = (
				CF9726D42CD032DE002AAC1A /* Debug */,
				CF9726D52CD032DE002AAC1A /* Release */,
			);
			defaultConfigurationIsVisible = 0;
			defaultConfigurationName = Release;
		};
		CFD686A12CDD801700728CE5 /* Build configuration list for PBXNativeTarget "IDRMacOSApp" */ = {
			isa = XCConfigurationList;
			buildConfigurations = (
				CFD6869B2CDD801700728CE5 /* Debug */,
				CFD6869C2CDD801700728CE5 /* Release */,
			);
			defaultConfigurationIsVisible = 0;
			defaultConfigurationName = Release;
		};
		CFD686A22CDD801700728CE5 /* Build configuration list for PBXNativeTarget "IDRMacOSAppTests" */ = {
			isa = XCConfigurationList;
			buildConfigurations = (
				CFD6869D2CDD801700728CE5 /* Debug */,
				CFD6869E2CDD801700728CE5 /* Release */,
			);
			defaultConfigurationIsVisible = 0;
			defaultConfigurationName = Release;
		};
		CFD686A32CDD801700728CE5 /* Build configuration list for PBXNativeTarget "IDRMacOSAppUITests" */ = {
			isa = XCConfigurationList;
			buildConfigurations = (
				CFD6869F2CDD801700728CE5 /* Debug */,
				CFD686A02CDD801700728CE5 /* Release */,
			);
			defaultConfigurationIsVisible = 0;
			defaultConfigurationName = Release;
		};
/* End XCConfigurationList section */

/* Begin XCRemoteSwiftPackageReference section */
		CFA56CA62CE2BCD50081AA88 /* XCRemoteSwiftPackageReference "Swift-JWT" */ = {
			isa = XCRemoteSwiftPackageReference;
			repositoryURL = "https://github.com/IBM-Swift/Swift-JWT.git";
			requirement = {
				kind = upToNextMajorVersion;
				minimumVersion = 4.0.1;
			};
		};
/* End XCRemoteSwiftPackageReference section */

/* Begin XCSwiftPackageProductDependency section */
		CFA56CA72CE2BCD50081AA88 /* SwiftJWT */ = {
			isa = XCSwiftPackageProductDependency;
			package = CFA56CA62CE2BCD50081AA88 /* XCRemoteSwiftPackageReference "Swift-JWT" */;
			productName = SwiftJWT;
		};
		CFA56CBD2CE2C58F0081AA88 /* SwiftJWT */ = {
			isa = XCSwiftPackageProductDependency;
			package = CFA56CA62CE2BCD50081AA88 /* XCRemoteSwiftPackageReference "Swift-JWT" */;
			productName = SwiftJWT;
		};
/* End XCSwiftPackageProductDependency section */
	};
	rootObject = CF9726A12CD032DD002AAC1A /* Project object */;
}
